// !$*UTF8*$!
{
	archiveVersion = 1;
	classes = {
	};
	objectVersion = 46;
	objects = {

/* Begin PBXBuildFile section */
		6D9256671B75B366003E46B0 /* main.m in Sources */ = {isa = PBXBuildFile; fileRef = 6D9256661B75B366003E46B0 /* main.m */; };
		6D92566A1B75B366003E46B0 /* AppDelegate.m in Sources */ = {isa = PBXBuildFile; fileRef = 6D9256691B75B366003E46B0 /* AppDelegate.m */; };
		6D92566D1B75B366003E46B0 /* ViewController.m in Sources */ = {isa = PBXBuildFile; fileRef = 6D92566C1B75B366003E46B0 /* ViewController.m */; };
		6D9256701B75B366003E46B0 /* Main.storyboard in Resources */ = {isa = PBXBuildFile; fileRef = 6D92566E1B75B366003E46B0 /* Main.storyboard */; };
		6D9256721B75B366003E46B0 /* Images.xcassets in Resources */ = {isa = PBXBuildFile; fileRef = 6D9256711B75B366003E46B0 /* Images.xcassets */; };
		6D9256751B75B366003E46B0 /* LaunchScreen.xib in Resources */ = {isa = PBXBuildFile; fileRef = 6D9256731B75B366003E46B0 /* LaunchScreen.xib */; };
		6D9256811B75B366003E46B0 /* ArutsTests.m in Sources */ = {isa = PBXBuildFile; fileRef = 6D9256801B75B366003E46B0 /* ArutsTests.m */; };
		6D92568C1B75B3FB003E46B0 /* IosAudioController.m in Sources */ = {isa = PBXBuildFile; fileRef = 6D92568B1B75B3FB003E46B0 /* IosAudioController.m */; settings = {COMPILER_FLAGS = "-fno-objc-arc"; }; };
/* End PBXBuildFile section */

/* Begin PBXContainerItemProxy section */
		6D92567B1B75B366003E46B0 /* PBXContainerItemProxy */ = {
			isa = PBXContainerItemProxy;
			containerPortal = 6D9256591B75B366003E46B0 /* Project object */;
			proxyType = 1;
			remoteGlobalIDString = 6D9256601B75B366003E46B0;
			remoteInfo = Aruts;
		};
/* End PBXContainerItemProxy section */

/* Begin PBXFileReference section */
		6D9256611B75B366003E46B0 /* Aruts.app */ = {isa = PBXFileReference; explicitFileType = wrapper.application; includeInIndex = 0; path = Aruts.app; sourceTree = BUILT_PRODUCTS_DIR; };
		6D9256651B75B366003E46B0 /* Info.plist */ = {isa = PBXFileReference; lastKnownFileType = text.plist.xml; path = Info.plist; sourceTree = "<group>"; };
		6D9256661B75B366003E46B0 /* main.m */ = {isa = PBXFileReference; lastKnownFileType = sourcecode.c.objc; path = main.m; sourceTree = "<group>"; };
		6D9256681B75B366003E46B0 /* AppDelegate.h */ = {isa = PBXFileReference; lastKnownFileType = sourcecode.c.h; path = AppDelegate.h; sourceTree = "<group>"; };
		6D9256691B75B366003E46B0 /* AppDelegate.m */ = {isa = PBXFileReference; lastKnownFileType = sourcecode.c.objc; path = AppDelegate.m; sourceTree = "<group>"; };
		6D92566B1B75B366003E46B0 /* ViewController.h */ = {isa = PBXFileReference; lastKnownFileType = sourcecode.c.h; path = ViewController.h; sourceTree = "<group>"; };
		6D92566C1B75B366003E46B0 /* ViewController.m */ = {isa = PBXFileReference; lastKnownFileType = sourcecode.c.objc; path = ViewController.m; sourceTree = "<group>"; };
		6D92566F1B75B366003E46B0 /* Base */ = {isa = PBXFileReference; lastKnownFileType = file.storyboard; name = Base; path = Base.lproj/Main.storyboard; sourceTree = "<group>"; };
		6D9256711B75B366003E46B0 /* Images.xcassets */ = {isa = PBXFileReference; lastKnownFileType = folder.assetcatalog; path = Images.xcassets; sourceTree = "<group>"; };
		6D9256741B75B366003E46B0 /* Base */ = {isa = PBXFileReference; lastKnownFileType = file.xib; name = Base; path = Base.lproj/LaunchScreen.xib; sourceTree = "<group>"; };
		6D92567A1B75B366003E46B0 /* ArutsTests.xctest */ = {isa = PBXFileReference; explicitFileType = wrapper.cfbundle; includeInIndex = 0; path = ArutsTests.xctest; sourceTree = BUILT_PRODUCTS_DIR; };
		6D92567F1B75B366003E46B0 /* Info.plist */ = {isa = PBXFileReference; lastKnownFileType = text.plist.xml; path = Info.plist; sourceTree = "<group>"; };
		6D9256801B75B366003E46B0 /* ArutsTests.m */ = {isa = PBXFileReference; lastKnownFileType = sourcecode.c.objc; path = ArutsTests.m; sourceTree = "<group>"; };
		6D92568A1B75B3FB003E46B0 /* IosAudioController.h */ = {isa = PBXFileReference; fileEncoding = 4; lastKnownFileType = sourcecode.c.h; path = IosAudioController.h; sourceTree = "<group>"; };
		6D92568B1B75B3FB003E46B0 /* IosAudioController.m */ = {isa = PBXFileReference; fileEncoding = 4; lastKnownFileType = sourcecode.c.objc; path = IosAudioController.m; sourceTree = "<group>"; };
/* End PBXFileReference section */

/* Begin PBXFrameworksBuildPhase section */
		6D92565E1B75B366003E46B0 /* Frameworks */ = {
			isa = PBXFrameworksBuildPhase;
			buildActionMask = 2147483647;
			files = (
			);
			runOnlyForDeploymentPostprocessing = 0;
		};
		6D9256771B75B366003E46B0 /* Frameworks */ = {
			isa = PBXFrameworksBuildPhase;
			buildActionMask = 2147483647;
			files = (
			);
			runOnlyForDeploymentPostprocessing = 0;
		};
/* End PBXFrameworksBuildPhase section */

/* Begin PBXGroup section */
		6D9256581B75B366003E46B0 = {
			isa = PBXGroup;
			children = (
				6D9256631B75B366003E46B0 /* Aruts */,
				6D92567D1B75B366003E46B0 /* ArutsTests */,
				6D9256621B75B366003E46B0 /* Products */,
			);
			sourceTree = "<group>";
		};
		6D9256621B75B366003E46B0 /* Products */ = {
			isa = PBXGroup;
			children = (
				6D9256611B75B366003E46B0 /* Aruts.app */,
				6D92567A1B75B366003E46B0 /* ArutsTests.xctest */,
			);
			name = Products;
			sourceTree = "<group>";
		};
		6D9256631B75B366003E46B0 /* Aruts */ = {
			isa = PBXGroup;
			children = (
				6D9256681B75B366003E46B0 /* AppDelegate.h */,
				6D9256691B75B366003E46B0 /* AppDelegate.m */,
				6D92566B1B75B366003E46B0 /* ViewController.h */,
				6D92566C1B75B366003E46B0 /* ViewController.m */,
				6D92568A1B75B3FB003E46B0 /* IosAudioController.h */,
				6D92568B1B75B3FB003E46B0 /* IosAudioController.m */,
				6D92566E1B75B366003E46B0 /* Main.storyboard */,
				6D9256711B75B366003E46B0 /* Images.xcassets */,
				6D9256731B75B366003E46B0 /* LaunchScreen.xib */,
				6D9256641B75B366003E46B0 /* Supporting Files */,
			);
			path = Aruts;
			sourceTree = "<group>";
		};
		6D9256641B75B366003E46B0 /* Supporting Files */ = {
			isa = PBXGroup;
			children = (
				6D9256651B75B366003E46B0 /* Info.plist */,
				6D9256661B75B366003E46B0 /* main.m */,
			);
			name = "Supporting Files";
			sourceTree = "<group>";
		};
		6D92567D1B75B366003E46B0 /* ArutsTests */ = {
			isa = PBXGroup;
			children = (
				6D9256801B75B366003E46B0 /* ArutsTests.m */,
				6D92567E1B75B366003E46B0 /* Supporting Files */,
			);
			path = ArutsTests;
			sourceTree = "<group>";
		};
		6D92567E1B75B366003E46B0 /* Supporting Files */ = {
			isa = PBXGroup;
			children = (
				6D92567F1B75B366003E46B0 /* Info.plist */,
			);
			name = "Supporting Files";
			sourceTree = "<group>";
		};
/* End PBXGroup section */

/* Begin PBXNativeTarget section */
		6D9256601B75B366003E46B0 /* Aruts */ = {
			isa = PBXNativeTarget;
			buildConfigurationList = 6D9256841B75B366003E46B0 /* Build configuration list for PBXNativeTarget "Aruts" */;
			buildPhases = (
				6D92565D1B75B366003E46B0 /* Sources */,
				6D92565E1B75B366003E46B0 /* Frameworks */,
				6D92565F1B75B366003E46B0 /* Resources */,
			);
			buildRules = (
			);
			dependencies = (
			);
			name = Aruts;
			productName = Aruts;
			productReference = 6D9256611B75B366003E46B0 /* Aruts.app */;
			productType = "com.apple.product-type.application";
		};
		6D9256791B75B366003E46B0 /* ArutsTests */ = {
			isa = PBXNativeTarget;
			buildConfigurationList = 6D9256871B75B366003E46B0 /* Build configuration list for PBXNativeTarget "ArutsTests" */;
			buildPhases = (
				6D9256761B75B366003E46B0 /* Sources */,
				6D9256771B75B366003E46B0 /* Frameworks */,
				6D9256781B75B366003E46B0 /* Resources */,
			);
			buildRules = (
			);
			dependencies = (
				6D92567C1B75B366003E46B0 /* PBXTargetDependency */,
			);
			name = ArutsTests;
			productName = ArutsTests;
			productReference = 6D92567A1B75B366003E46B0 /* ArutsTests.xctest */;
			productType = "com.apple.product-type.bundle.unit-test";
		};
/* End PBXNativeTarget section */

/* Begin PBXProject section */
		6D9256591B75B366003E46B0 /* Project object */ = {
			isa = PBXProject;
			attributes = {
				LastUpgradeCheck = 0640;
				ORGANIZATIONNAME = edu;
				TargetAttributes = {
					6D9256601B75B366003E46B0 = {
						CreatedOnToolsVersion = 6.4;
					};
					6D9256791B75B366003E46B0 = {
						CreatedOnToolsVersion = 6.4;
						TestTargetID = 6D9256601B75B366003E46B0;
					};
				};
			};
			buildConfigurationList = 6D92565C1B75B366003E46B0 /* Build configuration list for PBXProject "Aruts" */;
			compatibilityVersion = "Xcode 3.2";
			developmentRegion = English;
			hasScannedForEncodings = 0;
			knownRegions = (
				en,
				Base,
			);
			mainGroup = 6D9256581B75B366003E46B0;
			productRefGroup = 6D9256621B75B366003E46B0 /* Products */;
			projectDirPath = "";
			projectRoot = "";
			targets = (
				6D9256601B75B366003E46B0 /* Aruts */,
				6D9256791B75B366003E46B0 /* ArutsTests */,
			);
		};
/* End PBXProject section */

/* Begin PBXResourcesBuildPhase section */
		6D92565F1B75B366003E46B0 /* Resources */ = {
			isa = PBXResourcesBuildPhase;
			buildActionMask = 2147483647;
			files = (
				6D9256701B75B366003E46B0 /* Main.storyboard in Resources */,
				6D9256751B75B366003E46B0 /* LaunchScreen.xib in Resources */,
				6D9256721B75B366003E46B0 /* Images.xcassets in Resources */,
			);
			runOnlyForDeploymentPostprocessing = 0;
		};
		6D9256781B75B366003E46B0 /* Resources */ = {
			isa = PBXResourcesBuildPhase;
			buildActionMask = 2147483647;
			files = (
			);
			runOnlyForDeploymentPostprocessing = 0;
		};
/* End PBXResourcesBuildPhase section */

/* Begin PBXSourcesBuildPhase section */
		6D92565D1B75B366003E46B0 /* Sources */ = {
			isa = PBXSourcesBuildPhase;
			buildActionMask = 2147483647;
			files = (
				6D92568C1B75B3FB003E46B0 /* IosAudioController.m in Sources */,
				6D92566D1B75B366003E46B0 /* ViewController.m in Sources */,
				6D92566A1B75B366003E46B0 /* AppDelegate.m in Sources */,
				6D9256671B75B366003E46B0 /* main.m in Sources */,
			);
			runOnlyForDeploymentPostprocessing = 0;
		};
		6D9256761B75B366003E46B0 /* Sources */ = {
			isa = PBXSourcesBuildPhase;
			buildActionMask = 2147483647;
			files = (
				6D9256811B75B366003E46B0 /* ArutsTests.m in Sources */,
			);
			runOnlyForDeploymentPostprocessing = 0;
		};
/* End PBXSourcesBuildPhase section */

/* Begin PBXTargetDependency section */
		6D92567C1B75B366003E46B0 /* PBXTargetDependency */ = {
			isa = PBXTargetDependency;
			target = 6D9256601B75B366003E46B0 /* Aruts */;
			targetProxy = 6D92567B1B75B366003E46B0 /* PBXContainerItemProxy */;
		};
/* End PBXTargetDependency section */

/* Begin PBXVariantGroup section */
		6D92566E1B75B366003E46B0 /* Main.storyboard */ = {
			isa = PBXVariantGroup;
			children = (
				6D92566F1B75B366003E46B0 /* Base */,
			);
			name = Main.storyboard;
			sourceTree = "<group>";
		};
		6D9256731B75B366003E46B0 /* LaunchScreen.xib */ = {
			isa = PBXVariantGroup;
			children = (
				6D9256741B75B366003E46B0 /* Base */,
			);
			name = LaunchScreen.xib;
			sourceTree = "<group>";
		};
/* End PBXVariantGroup section */

/* Begin XCBuildConfiguration section */
		6D9256821B75B366003E46B0 /* Debug */ = {
			isa = XCBuildConfiguration;
			buildSettings = {
				ALWAYS_SEARCH_USER_PATHS = NO;
				CLANG_CXX_LANGUAGE_STANDARD = "gnu++0x";
				CLANG_CXX_LIBRARY = "libc++";
				CLANG_ENABLE_MODULES = YES;
				CLANG_ENABLE_OBJC_ARC = YES;
				CLANG_WARN_BOOL_CONVERSION = YES;
				CLANG_WARN_CONSTANT_CONVERSION = YES;
				CLANG_WARN_DIRECT_OBJC_ISA_USAGE = YES_ERROR;
				CLANG_WARN_EMPTY_BODY = YES;
				CLANG_WARN_ENUM_CONVERSION = YES;
				CLANG_WARN_INT_CONVERSION = YES;
				CLANG_WARN_OBJC_ROOT_CLASS = YES_ERROR;
				CLANG_WARN_UNREACHABLE_CODE = YES;
				CLANG_WARN__DUPLICATE_METHOD_MATCH = YES;
				"CODE_SIGN_IDENTITY[sdk=iphoneos*]" = "iPhone Developer";
				COPY_PHASE_STRIP = NO;
				DEBUG_INFORMATION_FORMAT = "dwarf-with-dsym";
				ENABLE_STRICT_OBJC_MSGSEND = YES;
				GCC_C_LANGUAGE_STANDARD = gnu99;
				GCC_DYNAMIC_NO_PIC = NO;
				GCC_NO_COMMON_BLOCKS = YES;
				GCC_OPTIMIZATION_LEVEL = 0;
				GCC_PREPROCESSOR_DEFINITIONS = (
					"DEBUG=1",
					"$(inherited)",
				);
				GCC_SYMBOLS_PRIVATE_EXTERN = NO;
				GCC_WARN_64_TO_32_BIT_CONVERSION = YES;
				GCC_WARN_ABOUT_RETURN_TYPE = YES_ERROR;
				GCC_WARN_UNDECLARED_SELECTOR = YES;
				GCC_WARN_UNINITIALIZED_AUTOS = YES_AGGRESSIVE;
				GCC_WARN_UNUSED_FUNCTION = YES;
				GCC_WARN_UNUSED_VARIABLE = YES;
				IPHONEOS_DEPLOYMENT_TARGET = 8.4;
				MTL_ENABLE_DEBUG_INFO = YES;
				ONLY_ACTIVE_ARCH = YES;
				SDKROOT = iphoneos;
				TARGETED_DEVICE_FAMILY = "1,2";
			};
			name = Debug;
		};
		6D9256831B75B366003E46B0 /* Release */ = {
			isa = XCBuildConfiguration;
			buildSettings = {
				ALWAYS_SEARCH_USER_PATHS = NO;
				CLANG_CXX_LANGUAGE_STANDARD = "gnu++0x";
				CLANG_CXX_LIBRARY = "libc++";
				CLANG_ENABLE_MODULES = YES;
				CLANG_ENABLE_OBJC_ARC = YES;
				CLANG_WARN_BOOL_CONVERSION = YES;
				CLANG_WARN_CONSTANT_CONVERSION = YES;
				CLANG_WARN_DIRECT_OBJC_ISA_USAGE = YES_ERROR;
				CLANG_WARN_EMPTY_BODY = YES;
				CLANG_WARN_ENUM_CONVERSION = YES;
				CLANG_WARN_INT_CONVERSION = YES;
				CLANG_WARN_OBJC_ROOT_CLASS = YES_ERROR;
				CLANG_WARN_UNREACHABLE_CODE = YES;
				CLANG_WARN__DUPLICATE_METHOD_MATCH = YES;
				"CODE_SIGN_IDENTITY[sdk=iphoneos*]" = "iPhone Developer";
				COPY_PHASE_STRIP = NO;
				DEBUG_INFORMATION_FORMAT = "dwarf-with-dsym";
				ENABLE_NS_ASSERTIONS = NO;
				ENABLE_STRICT_OBJC_MSGSEND = YES;
				GCC_C_LANGUAGE_STANDARD = gnu99;
				GCC_NO_COMMON_BLOCKS = YES;
				GCC_WARN_64_TO_32_BIT_CONVERSION = YES;
				GCC_WARN_ABOUT_RETURN_TYPE = YES_ERROR;
				GCC_WARN_UNDECLARED_SELECTOR = YES;
				GCC_WARN_UNINITIALIZED_AUTOS = YES_AGGRESSIVE;
				GCC_WARN_UNUSED_FUNCTION = YES;
				GCC_WARN_UNUSED_VARIABLE = YES;
				IPHONEOS_DEPLOYMENT_TARGET = 8.4;
				MTL_ENABLE_DEBUG_INFO = NO;
				SDKROOT = iphoneos;
				TARGETED_DEVICE_FAMILY = "1,2";
				VALIDATE_PRODUCT = YES;
			};
			name = Release;
		};
		6D9256851B75B366003E46B0 /* Debug */ = {
			isa = XCBuildConfiguration;
			buildSettings = {
				ASSETCATALOG_COMPILER_APPICON_NAME = AppIcon;
				INFOPLIST_FILE = Aruts/Info.plist;
				IPHONEOS_DEPLOYMENT_TARGET = 7.0;
				LD_RUNPATH_SEARCH_PATHS = "$(inherited) @executable_path/Frameworks";
				PRODUCT_NAME = "$(TARGET_NAME)";
			};
			name = Debug;
		};
		6D9256861B75B366003E46B0 /* Release */ = {
			isa = XCBuildConfiguration;
			buildSettings = {
				ASSETCATALOG_COMPILER_APPICON_NAME = AppIcon;
				INFOPLIST_FILE = Aruts/Info.plist;
				IPHONEOS_DEPLOYMENT_TARGET = 7.0;
				LD_RUNPATH_SEARCH_PATHS = "$(inherited) @executable_path/Frameworks";
				PRODUCT_NAME = "$(TARGET_NAME)";
			};
			name = Release;
		};
		6D9256881B75B366003E46B0 /* Debug */ = {
			isa = XCBuildConfiguration;
			buildSettings = {
				BUNDLE_LOADER = "$(TEST_HOST)";
				FRAMEWORK_SEARCH_PATHS = (
					"$(SDKROOT)/Developer/Library/Frameworks",
					"$(inherited)",
				);
				GCC_PREPROCESSOR_DEFINITIONS = (
					"DEBUG=1",
					"$(inherited)",
				);
				INFOPLIST_FILE = ArutsTests/Info.plist;
				LD_RUNPATH_SEARCH_PATHS = "$(inherited) @executable_path/Frameworks @loader_path/Frameworks";
				PRODUCT_NAME = "$(TARGET_NAME)";
				TEST_HOST = "$(BUILT_PRODUCTS_DIR)/Aruts.app/Aruts";
			};
			name = Debug;
		};
		6D9256891B75B366003E46B0 /* Release */ = {
			isa = XCBuildConfiguration;
			buildSettings = {
				BUNDLE_LOADER = "$(TEST_HOST)";
				FRAMEWORK_SEARCH_PATHS = (
					"$(SDKROOT)/Developer/Library/Frameworks",
					"$(inherited)",
				);
				INFOPLIST_FILE = ArutsTests/Info.plist;
				LD_RUNPATH_SEARCH_PATHS = "$(inherited) @executable_path/Frameworks @loader_path/Frameworks";
				PRODUCT_NAME = "$(TARGET_NAME)";
				TEST_HOST = "$(BUILT_PRODUCTS_DIR)/Aruts.app/Aruts";
			};
			name = Release;
		};
/* End XCBuildConfiguration section */

/* Begin XCConfigurationList section */
		6D92565C1B75B366003E46B0 /* Build configuration list for PBXProject "Aruts" */ = {
			isa = XCConfigurationList;
			buildConfigurations = (
				6D9256821B75B366003E46B0 /* Debug */,
				6D9256831B75B366003E46B0 /* Release */,
			);
			defaultConfigurationIsVisible = 0;
			defaultConfigurationName = Release;
		};
		6D9256841B75B366003E46B0 /* Build configuration list for PBXNativeTarget "Aruts" */ = {
			isa = XCConfigurationList;
			buildConfigurations = (
				6D9256851B75B366003E46B0 /* Debug */,
				6D9256861B75B366003E46B0 /* Release */,
			);
			defaultConfigurationIsVisible = 0;
		};
		6D9256871B75B366003E46B0 /* Build configuration list for PBXNativeTarget "ArutsTests" */ = {
			isa = XCConfigurationList;
			buildConfigurations = (
				6D9256881B75B366003E46B0 /* Debug */,
				6D9256891B75B366003E46B0 /* Release */,
			);
			defaultConfigurationIsVisible = 0;
		};
/* End XCConfigurationList section */
	};
	rootObject = 6D9256591B75B366003E46B0 /* Project object */;
}
